lockfileVersion: '9.0'

settings:
  autoInstallPeers: true
  excludeLinksFromLockfile: false

importers:

  .:
    devDependencies:
      jsrepo:
        specifier: ^3.1.0
        version: 3.1.0

packages:

  '@emnapi/core@1.8.1':
    resolution: {integrity: sha512-AvT9QFpxK0Zd8J0jopedNm+w/2fIzvtPKPjqyw9jwvBaReTTqPBk9Hixaz7KbjimP+QNz605/XnjFcDAL2pqBg==}

  '@emnapi/runtime@1.8.1':
    resolution: {integrity: sha512-mehfKSMWjjNol8659Z8KxEMrdSJDDot5SXMq00dM8BN4o+CLNXQ0xH2V7EchNHV4RmbZLmmPdEaXZc5H2FXmDg==}

  '@emnapi/wasi-threads@1.1.0':
    resolution: {integrity: sha512-WI0DdZ8xFSbgMjR1sFsKABJ/C5OnRrjT06JXbZKexJGrDuPTzZdDYfFlsgcCXCyf+suG5QU2e/y1Wo2V/OapLQ==}

  '@napi-rs/wasm-runtime@1.1.1':
    resolution: {integrity: sha512-p64ah1M1ld8xjWv3qbvFwHiFVWrq1yFvV4f7w+mzaqiR4IlSgkqhcRdHwsGgomwzBH51sRY4NEowLxnaBjcW/A==}

  '@oxc-parser/binding-android-arm-eabi@0.107.0':
    resolution: {integrity: sha512-Fhap02+E3+tBDLsBZcsr7289kCfR3hyQnBAjhi7RSTHc7Ikydh1hS5cIzjOtlidFZJ1Vz5edbfoKGWO3/DqJNw==}
    engines: {node: ^20.19.0 || >=22.12.0}
    cpu: [arm]
    os: [android]

  '@oxc-parser/binding-android-arm64@0.107.0':
    resolution: {integrity: sha512-3gXyxBdwNzOCSdbzN3FSncilXUe/OJP0SAovRz+e20q5FInUYfVvOZUJfpII01anSmg+7KWY7p69IAgDYZZepw==}
    engines: {node: ^20.19.0 || >=22.12.0}
    cpu: [arm64]
    os: [android]

  '@oxc-parser/binding-darwin-arm64@0.107.0':
    resolution: {integrity: sha512-i8W2krLmBd6jWldW1Y4/12zke+euEYZGuUggijJhEFy5xTQbwOhgVDWpdUx3CgZ17Plzjkd/dB/Ga0b13i0kAg==}
    engines: {node: ^20.19.0 || >=22.12.0}
    cpu: [arm64]
    os: [darwin]

  '@oxc-parser/binding-darwin-x64@0.107.0':
    resolution: {integrity: sha512-JwDxozL+IPXeiP57GyRmC3coIKR7Duit69aHvhf63NZqMClnglI0gR8mI+JH4lNBP/o6AGaY22+8/rlfiMW5Pg==}
    engines: {node: ^20.19.0 || >=22.12.0}
    cpu: [x64]
    os: [darwin]

  '@oxc-parser/binding-freebsd-x64@0.107.0':
    resolution: {integrity: sha512-m8h7qkymDLqxRGARWPJQH9x/I4ZLlwMhigj9iVkKZ7db/J1wl9ha+a9DCBrm5kRYikl4dSwu7wZXykKmrOzVVA==}
    engines: {node: ^20.19.0 || >=22.12.0}
    cpu: [x64]
    os: [freebsd]

  '@oxc-parser/binding-linux-arm-gnueabihf@0.107.0':
    resolution: {integrity: sha512-QI9b9BvWcIk/vuBUGgas4eZZCXikd7yfXTppIFM2hNZN+omd2nCDMGZ5yMHy1r+TJw1hdxei8f8xzwmO1nTq3A==}
    engines: {node: ^20.19.0 || >=22.12.0}
    cpu: [arm]
    os: [linux]

  '@oxc-parser/binding-linux-arm-musleabihf@0.107.0':
    resolution: {integrity: sha512-VMoeP+VZegiqRqcUa0RzopOErELVTSNDfdVIX/8No3ieZdxdHqvGlBmdCqqxIYZEYif2IZJ3VcIr2RvX4y8k9w==}
    engines: {node: ^20.19.0 || >=22.12.0}
    cpu: [arm]
    os: [linux]

  '@oxc-parser/binding-linux-arm64-gnu@0.107.0':
    resolution: {integrity: sha512-01yvXlhCB8aCu9xftIQCI9TGvVb2+md4ULJYmDSil4Qr4XfXa8soEJxfS/ywe+RiDnW7w8qomtz0DI+HT5sHRw==}
    engines: {node: ^20.19.0 || >=22.12.0}
    cpu: [arm64]
    os: [linux]

  '@oxc-parser/binding-linux-arm64-musl@0.107.0':
    resolution: {integrity: sha512-pp2ovq2qxqGTyRclBe65/VD3IL0fwT+X5XJSKhdhO94BtNOPCcW0bZAgG3ILkoWPPdmtWUXT/y59cCkK+QNEYg==}
    engines: {node: ^20.19.0 || >=22.12.0}
    cpu: [arm64]
    os: [linux]

  '@oxc-parser/binding-linux-ppc64-gnu@0.107.0':
    resolution: {integrity: sha512-1AgcnFazS00KBq38eQ8EW/vwjgtcNvVdbR/SnteVDY4j0klgSxaYe2/CQXnww4wVh8UjE3IHYYAfsudhggET0Q==}
    engines: {node: ^20.19.0 || >=22.12.0}
    cpu: [ppc64]
    os: [linux]

  '@oxc-parser/binding-linux-riscv64-gnu@0.107.0':
    resolution: {integrity: sha512-Yg/YyeaV9RiStZG2Rc50xhzrBIG2w1PuKJjlbVtJ+Mb2kY0zxhg2Pnifjt85ZKJqqJ9Bfao1LVXNweV2HYRAJA==}
    engines: {node: ^20.19.0 || >=22.12.0}
    cpu: [riscv64]
    os: [linux]

  '@oxc-parser/binding-linux-riscv64-musl@0.107.0':
    resolution: {integrity: sha512-/KGiC2Ko1k0rQxTYqTP1MDipV5LCw5by9Yx+qUy5LL0eHtI06CkIZ9mPMua5+hwLygwMrv7Ry8MjpeTQ0qHpcQ==}
    engines: {node: ^20.19.0 || >=22.12.0}
    cpu: [riscv64]
    os: [linux]

  '@oxc-parser/binding-linux-s390x-gnu@0.107.0':
    resolution: {integrity: sha512-F4UKJ19+vTHTA7miSt7DWG04NwMGbLj4C7BfWY8V3LMX5zp68py/rcKYBusC7hcJQ4YBUKQzl1WLx9PMzyWiXg==}
    engines: {node: ^20.19.0 || >=22.12.0}
    cpu: [s390x]
    os: [linux]

  '@oxc-parser/binding-linux-x64-gnu@0.107.0':
    resolution: {integrity: sha512-vF4vemHhzCsKQhfaV/j7xS7AavMVkHy29zhlAE03r61lvKK4lQBr2VvT6qgSTn4eYGNEHEZbRoFNOcmtaPGjtA==}
    engines: {node: ^20.19.0 || >=22.12.0}
    cpu: [x64]
    os: [linux]

  '@oxc-parser/binding-linux-x64-musl@0.107.0':
    resolution: {integrity: sha512-p6jxLjIMiySYclrRuVQELSm6wT5lTfkPRmcZKbtmLhyMlAR2rhuILnoZ/iVoE3Ib/hpE4G6XkLhRZLvp6ZVazw==}
    engines: {node: ^20.19.0 || >=22.12.0}
    cpu: [x64]
    os: [linux]

  '@oxc-parser/binding-openharmony-arm64@0.107.0':
    resolution: {integrity: sha512-iCUiKTYwqSmA/qgBR300fmXLVVi9tmk43O2B4oeMaydvnqUNWmZTNciOPwAFfc6024ISxZ77y4ISHTE0plX3LQ==}
    engines: {node: ^20.19.0 || >=22.12.0}
    cpu: [arm64]
    os: [openharmony]

  '@oxc-parser/binding-wasm32-wasi@0.107.0':
    resolution: {integrity: sha512-VxrwctWEUSI3eJkRAGHISNlikcx8xAoglvAYAW4cdC5HfXbwRMuEunzzXMNXpNUMrdlqjf25Ay6OaxaztAOKgQ==}
    engines: {node: '>=14.0.0'}
    cpu: [wasm32]

  '@oxc-parser/binding-win32-arm64-msvc@0.107.0':
    resolution: {integrity: sha512-zJlOsumV4JpUs0PGMF0ycjfCcV91Tpr81N7Qn5O00+MjFxI3AlHmrkhYTFA2cFicUW6XXSPe6KvEG8v46BCIBA==}
    engines: {node: ^20.19.0 || >=22.12.0}
    cpu: [arm64]
    os: [win32]

  '@oxc-parser/binding-win32-ia32-msvc@0.107.0':
    resolution: {integrity: sha512-vH44IYIiqzAxq7la/O+IRNdB3XqgdMRjVVT1UqA4rmyHUEQcfmCYy6cbbP07m5eLY2xAHAmuDqxBJEnQDGGGJQ==}
    engines: {node: ^20.19.0 || >=22.12.0}
    cpu: [ia32]
    os: [win32]

  '@oxc-parser/binding-win32-x64-msvc@0.107.0':
    resolution: {integrity: sha512-8x6u+nIKEFR3WT5oHhSP7oPZGI8VLq3iVxOEeV75NfB5ubGUA7sNHcssZ37jmUfhYnkYzBiCGhEAIRa9bUMzBw==}
    engines: {node: ^20.19.0 || >=22.12.0}
    cpu: [x64]
    os: [win32]

  '@oxc-project/types@0.107.0':
    resolution: {integrity: sha512-QFDRbYfV2LVx8tyqtyiah3jQPUj1mK2+RYwxyFWyGoys6XJnwTdlzO6rdNNHOPorHAu5Uo34oWRKcvNpbJarmQ==}

  '@quansync/fs@1.0.0':
    resolution: {integrity: sha512-4TJ3DFtlf1L5LDMaM6CanJ/0lckGNtJcMjQ1NAV6zDmA0tEHKZtxNKin8EgPaVX1YzljbxckyT2tJrpQKAtngQ==}

  '@tybys/wasm-util@0.10.1':
    resolution: {integrity: sha512-9tTaPJLSiejZKx+Bmog4uSubteqTvFrVrURwkmHixBo0G4seD0zUxp98E1DzUBJxLQ3NPwXrGKDiVjwx/DpPsg==}

  commander@14.0.2:
    resolution: {integrity: sha512-TywoWNNRbhoD0BXs1P3ZEScW8W5iKrnbithIl0YH+uCmBd0QpPOA8yc82DS3BIE5Ma6FnBVUsJ7wVUDz4dvOWQ==}
    engines: {node: '>=20'}

  defu@6.1.4:
    resolution: {integrity: sha512-mEQCMmwJu317oSz8CwdIOdwf3xMif1ttiM8LTufzc3g6kR+9Pe236twL8j3IYT1F7GfRgGcW6MWxzZjLIkuHIg==}

  jiti@2.6.1:
    resolution: {integrity: sha512-ekilCSN1jwRvIbgeg/57YFh8qQDNbwDb9xT/qu2DAHbFFZUicIl4ygVaAvzveMhMVr3LnpSKTNnwt8PoOfmKhQ==}
    hasBin: true

  jsrepo@3.1.0:
    resolution: {integrity: sha512-jUey8dXH8V829miquUZkjiOHs+uMfeFF0pf6pmSV2MOvUiWk/nh5l3CTMW+wtNSUklBPT/McyRe5vKBhaJvfkA==}
    hasBin: true
    peerDependencies:
      svelte: ^5.0.0
      vue: ^3.0.0
    peerDependenciesMeta:
      svelte:
        optional: true
      vue:
        optional: true

  oxc-parser@0.107.0:
    resolution: {integrity: sha512-3HuDitM2UIEDbCjEhXyLAC8LuQvneDq/0eioczXZFeY4f4ee91tUcavZ9U7s4ZIFZOoHmNtOyOCB6kOM4OAtOA==}
    engines: {node: ^20.19.0 || >=22.12.0}

  quansync@1.0.0:
    resolution: {integrity: sha512-5xZacEEufv3HSTPQuchrvV6soaiACMFnq1H8wkVioctoH3TRha9Sz66lOxRwPK/qZj7HPiSveih9yAyh98gvqA==}

  tslib@2.8.1:
    resolution: {integrity: sha512-oJFu94HQb+KVduSUQL7wnpmqnfmLsOA/nAh6b6EH0wCEoK0/mPeXU6c3wKDV83MkOuHPRHtSXKKU99IBazS/2w==}

  unconfig-core@7.4.2:
    resolution: {integrity: sha512-VgPCvLWugINbXvMQDf8Jh0mlbvNjNC6eSUziHsBCMpxR05OPrNrvDnyatdMjRgcHaaNsCqz+wjNXxNw1kRLHUg==}

  unconfig@7.4.2:
    resolution: {integrity: sha512-nrMlWRQ1xdTjSnSUqvYqJzbTBFugoqHobQj58B2bc8qxHKBBHMNNsWQFP3Cd3/JZK907voM2geYPWqD4VK3MPQ==}

snapshots:

  '@emnapi/core@1.8.1':
    dependencies:
      '@emnapi/wasi-threads': 1.1.0
      tslib: 2.8.1
    optional: true

  '@emnapi/runtime@1.8.1':
    dependencies:
      tslib: 2.8.1
    optional: true

  '@emnapi/wasi-threads@1.1.0':
    dependencies:
      tslib: 2.8.1
    optional: true

  '@napi-rs/wasm-runtime@1.1.1':
    dependencies:
      '@emnapi/core': 1.8.1
      '@emnapi/runtime': 1.8.1
      '@tybys/wasm-util': 0.10.1
    optional: true

  '@oxc-parser/binding-android-arm-eabi@0.107.0':
    optional: true

  '@oxc-parser/binding-android-arm64@0.107.0':
    optional: true

  '@oxc-parser/binding-darwin-arm64@0.107.0':
    optional: true

  '@oxc-parser/binding-darwin-x64@0.107.0':
    optional: true

  '@oxc-parser/binding-freebsd-x64@0.107.0':
    optional: true

  '@oxc-parser/binding-linux-arm-gnueabihf@0.107.0':
    optional: true

  '@oxc-parser/binding-linux-arm-musleabihf@0.107.0':
    optional: true

  '@oxc-parser/binding-linux-arm64-gnu@0.107.0':
    optional: true

  '@oxc-parser/binding-linux-arm64-musl@0.107.0':
    optional: true

  '@oxc-parser/binding-linux-ppc64-gnu@0.107.0':
    optional: true

  '@oxc-parser/binding-linux-riscv64-gnu@0.107.0':
    optional: true

  '@oxc-parser/binding-linux-riscv64-musl@0.107.0':
    optional: true

  '@oxc-parser/binding-linux-s390x-gnu@0.107.0':
    optional: true

  '@oxc-parser/binding-linux-x64-gnu@0.107.0':
    optional: true

  '@oxc-parser/binding-linux-x64-musl@0.107.0':
    optional: true

  '@oxc-parser/binding-openharmony-arm64@0.107.0':
    optional: true

  '@oxc-parser/binding-wasm32-wasi@0.107.0':
    dependencies:
      '@napi-rs/wasm-runtime': 1.1.1
    optional: true

  '@oxc-parser/binding-win32-arm64-msvc@0.107.0':
    optional: true

  '@oxc-parser/binding-win32-ia32-msvc@0.107.0':
    optional: true

  '@oxc-parser/binding-win32-x64-msvc@0.107.0':
    optional: true

  '@oxc-project/types@0.107.0': {}

  '@quansync/fs@1.0.0':
    dependencies:
      quansync: 1.0.0

  '@tybys/wasm-util@0.10.1':
    dependencies:
      tslib: 2.8.1
    optional: true

  commander@14.0.2: {}

  defu@6.1.4: {}

  jiti@2.6.1: {}

  jsrepo@3.1.0:
    dependencies:
      commander: 14.0.2
      oxc-parser: 0.107.0
      unconfig: 7.4.2

  oxc-parser@0.107.0:
    dependencies:
      '@oxc-project/types': 0.107.0
    optionalDependencies:
      '@oxc-parser/binding-android-arm-eabi': 0.107.0
      '@oxc-parser/binding-android-arm64': 0.107.0
      '@oxc-parser/binding-darwin-arm64': 0.107.0
      '@oxc-parser/binding-darwin-x64': 0.107.0
      '@oxc-parser/binding-freebsd-x64': 0.107.0
      '@oxc-parser/binding-linux-arm-gnueabihf': 0.107.0
      '@oxc-parser/binding-linux-arm-musleabihf': 0.107.0
      '@oxc-parser/binding-linux-arm64-gnu': 0.107.0
      '@oxc-parser/binding-linux-arm64-musl': 0.107.0
      '@oxc-parser/binding-linux-ppc64-gnu': 0.107.0
      '@oxc-parser/binding-linux-riscv64-gnu': 0.107.0
      '@oxc-parser/binding-linux-riscv64-musl': 0.107.0
      '@oxc-parser/binding-linux-s390x-gnu': 0.107.0
      '@oxc-parser/binding-linux-x64-gnu': 0.107.0
      '@oxc-parser/binding-linux-x64-musl': 0.107.0
      '@oxc-parser/binding-openharmony-arm64': 0.107.0
      '@oxc-parser/binding-wasm32-wasi': 0.107.0
      '@oxc-parser/binding-win32-arm64-msvc': 0.107.0
      '@oxc-parser/binding-win32-ia32-msvc': 0.107.0
      '@oxc-parser/binding-win32-x64-msvc': 0.107.0

  quansync@1.0.0: {}

  tslib@2.8.1:
    optional: true

  unconfig-core@7.4.2:
    dependencies:
      '@quansync/fs': 1.0.0
      quansync: 1.0.0

  unconfig@7.4.2:
    dependencies:
      '@quansync/fs': 1.0.0
      defu: 6.1.4
      jiti: 2.6.1
      quansync: 1.0.0
      unconfig-core: 7.4.2
